// !$*UTF8*$!
{
	archiveVersion = 1;
	classes = {
	};
	objectVersion = 50;
	objects = {

/* Begin PBXBuildFile section */
		33D73482253582B500485053 /* AppDelegate.swift in Sources */ = {isa = PBXBuildFile; fileRef = 33D73481253582B500485053 /* AppDelegate.swift */; };
		33D73484253582B500485053 /* SceneDelegate.swift in Sources */ = {isa = PBXBuildFile; fileRef = 33D73483253582B500485053 /* SceneDelegate.swift */; };
		33D73486253582B500485053 /* ContentView.swift in Sources */ = {isa = PBXBuildFile; fileRef = 33D73485253582B500485053 /* ContentView.swift */; };
		33D73488253582B600485053 /* Assets.xcassets in Resources */ = {isa = PBXBuildFile; fileRef = 33D73487253582B600485053 /* Assets.xcassets */; };
		33D7348B253582B600485053 /* Preview Assets.xcassets in Resources */ = {isa = PBXBuildFile; fileRef = 33D7348A253582B600485053 /* Preview Assets.xcassets */; };
		33D7348E253582B600485053 /* LaunchScreen.storyboard in Resources */ = {isa = PBXBuildFile; fileRef = 33D7348C253582B600485053 /* LaunchScreen.storyboard */; };
		33D734962535859100485053 /* SimpleExample.swift in Sources */ = {isa = PBXBuildFile; fileRef = 33D734952535859100485053 /* SimpleExample.swift */; };
		33D734982535869700485053 /* WebImageExample.swift in Sources */ = {isa = PBXBuildFile; fileRef = 33D734972535869700485053 /* WebImageExample.swift */; };
/* End PBXBuildFile section */

/* Begin PBXFileReference section */
		33D7347E253582B500485053 /* WebImageDemo.app */ = {isa = PBXFileReference; explicitFileType = wrapper.application; includeInIndex = 0; path = WebImageDemo.app; sourceTree = BUILT_PRODUCTS_DIR; };
		33D73481253582B500485053 /* AppDelegate.swift */ = {isa = PBXFileReference; lastKnownFileType = sourcecode.swift; path = AppDelegate.swift; sourceTree = "<group>"; };
		33D73483253582B500485053 /* SceneDelegate.swift */ = {isa = PBXFileReference; lastKnownFileType = sourcecode.swift; path = SceneDelegate.swift; sourceTree = "<group>"; };
		33D73485253582B500485053 /* ContentView.swift */ = {isa = PBXFileReference; lastKnownFileType = sourcecode.swift; path = ContentView.swift; sourceTree = "<group>"; };
		33D73487253582B600485053 /* Assets.xcassets */ = {isa = PBXFileReference; lastKnownFileType = folder.assetcatalog; path = Assets.xcassets; sourceTree = "<group>"; };
		33D7348A253582B600485053 /* Preview Assets.xcassets */ = {isa = PBXFileReference; lastKnownFileType = folder.assetcatalog; path = "Preview Assets.xcassets"; sourceTree = "<group>"; };
		33D7348D253582B600485053 /* Base */ = {isa = PBXFileReference; lastKnownFileType = file.storyboard; name = Base; path = Base.lproj/LaunchScreen.storyboard; sourceTree = "<group>"; };
		33D7348F253582B600485053 /* Info.plist */ = {isa = PBXFileReference; lastKnownFileType = text.plist.xml; path = Info.plist; sourceTree = "<group>"; };
		33D734952535859100485053 /* SimpleExample.swift */ = {isa = PBXFileReference; lastKnownFileType = sourcecode.swift; path = SimpleExample.swift; sourceTree = "<group>"; };
		33D734972535869700485053 /* WebImageExample.swift */ = {isa = PBXFileReference; lastKnownFileType = sourcecode.swift; path = WebImageExample.swift; sourceTree = "<group>"; };
/* End PBXFileReference section */

/* Begin PBXFrameworksBuildPhase section */
		33D7347B253582B500485053 /* Frameworks */ = {
			isa = PBXFrameworksBuildPhase;
			buildActionMask = 2147483647;
			files = (
			);
			runOnlyForDeploymentPostprocessing = 0;
		};
/* End PBXFrameworksBuildPhase section */

/* Begin PBXGroup section */
		33D73475253582B500485053 = {
			isa = PBXGroup;
			children = (
				33D73480253582B500485053 /* WebImageDemo */,
				33D7347F253582B500485053 /* Products */,
			);
			sourceTree = "<group>";
		};
		33D7347F253582B500485053 /* Products */ = {
			isa = PBXGroup;
			children = (
				33D7347E253582B500485053 /* WebImageDemo.app */,
			);
			name = Products;
			sourceTree = "<group>";
		};
		33D73480253582B500485053 /* WebImageDemo */ = {
			isa = PBXGroup;
			children = (
				33D73481253582B500485053 /* AppDelegate.swift */,
				33D73483253582B500485053 /* SceneDelegate.swift */,
				33D73485253582B500485053 /* ContentView.swift */,
				33D734952535859100485053 /* SimpleExample.swift */,
				33D734972535869700485053 /* WebImageExample.swift */,
				33D73487253582B600485053 /* Assets.xcassets */,
				33D7348C253582B600485053 /* LaunchScreen.storyboard */,
				33D7348F253582B600485053 /* Info.plist */,
				33D73489253582B600485053 /* Preview Content */,
			);
			path = WebImageDemo;
			sourceTree = "<group>";
		};
		33D73489253582B600485053 /* Preview Content */ = {
			isa = PBXGroup;
			children = (
				33D7348A253582B600485053 /* Preview Assets.xcassets */,
			);
			path = "Preview Content";
			sourceTree = "<group>";
		};
/* End PBXGroup section */

/* Begin PBXNativeTarget section */
		33D7347D253582B500485053 /* WebImageDemo */ = {
			isa = PBXNativeTarget;
			buildConfigurationList = 33D73492253582B600485053 /* Build configuration list for PBXNativeTarget "WebImageDemo" */;
			buildPhases = (
				33D7347A253582B500485053 /* Sources */,
				33D7347B253582B500485053 /* Frameworks */,
				33D7347C253582B500485053 /* Resources */,
			);
			buildRules = (
			);
			dependencies = (
			);
			name = WebImageDemo;
			productName = WebImageDemo;
			productReference = 33D7347E253582B500485053 /* WebImageDemo.app */;
			productType = "com.apple.product-type.application";
		};
/* End PBXNativeTarget section */

/* Begin PBXProject section */
		33D73476253582B500485053 /* Project object */ = {
			isa = PBXProject;
			attributes = {
				LastSwiftUpdateCheck = 1150;
				LastUpgradeCheck = 1150;
				ORGANIZATIONNAME = chenzhizs;
				TargetAttributes = {
					33D7347D253582B500485053 = {
						CreatedOnToolsVersion = 11.5;
					};
				};
			};
			buildConfigurationList = 33D73479253582B500485053 /* Build configuration list for PBXProject "WebImageDemo" */;
			compatibilityVersion = "Xcode 9.3";
			developmentRegion = en;
			hasScannedForEncodings = 0;
			knownRegions = (
				en,
				Base,
			);
			mainGroup = 33D73475253582B500485053;
			productRefGroup = 33D7347F253582B500485053 /* Products */;
			projectDirPath = "";
			projectRoot = "";
			targets = (
				33D7347D253582B500485053 /* WebImageDemo */,
			);
		};
/* End PBXProject section */

/* Begin PBXResourcesBuildPhase section */
		33D7347C253582B500485053 /* Resources */ = {
			isa = PBXResourcesBuildPhase;
			buildActionMask = 2147483647;
			files = (
				33D7348E253582B600485053 /* LaunchScreen.storyboard in Resources */,
				33D7348B253582B600485053 /* Preview Assets.xcassets in Resources */,
				33D73488253582B600485053 /* Assets.xcassets in Resources */,
			);
			runOnlyForDeploymentPostprocessing = 0;
		};
/* End PBXResourcesBuildPhase section */

/* Begin PBXSourcesBuildPhase section */
		33D7347A253582B500485053 /* Sources */ = {
			isa = PBXSourcesBuildPhase;
			buildActionMask = 2147483647;
			files = (
				33D734962535859100485053 /* SimpleExample.swift in Sources */,
				33D734982535869700485053 /* WebImageExample.swift in Sources */,
				33D73482253582B500485053 /* AppDelegate.swift in Sources */,
				33D73484253582B500485053 /* SceneDelegate.swift in Sources */,
				33D73486253582B500485053 /* ContentView.swift in Sources */,
			);
			runOnlyForDeploymentPostprocessing = 0;
		};
/* End PBXSourcesBuildPhase section */

/* Begin PBXVariantGroup section */
		33D7348C253582B600485053 /* LaunchScreen.storyboard */ = {
			isa = PBXVariantGroup;
			children = (
				33D7348D253582B600485053 /* Base */,
			);
			name = LaunchScreen.storyboard;
			sourceTree = "<group>";
		};
/* End PBXVariantGroup section */

/* Begin XCBuildConfiguration section */
		33D73490253582B600485053 /* Debug */ = {
			isa = XCBuildConfiguration;
			buildSettings = {
				ALWAYS_SEARCH_USER_PATHS = NO;
				CLANG_ANALYZER_NONNULL = YES;
				CLANG_ANALYZER_NUMBER_OBJECT_CONVERSION = YES_AGGRESSIVE;
				CLANG_CXX_LANGUAGE_STANDARD = "gnu++14";
				CLANG_CXX_LIBRARY = "libc++";
				CLANG_ENABLE_MODULES = YES;
				CLANG_ENABLE_OBJC_ARC = YES;
				CLANG_ENABLE_OBJC_WEAK = YES;
				CLANG_WARN_BLOCK_CAPTURE_AUTORELEASING = YES;
				CLANG_WARN_BOOL_CONVERSION = YES;
				CLANG_WARN_COMMA = YES;
				CLANG_WARN_CONSTANT_CONVERSION = YES;
				CLANG_WARN_DEPRECATED_OBJC_IMPLEMENTATIONS = YES;
				CLANG_WARN_DIRECT_OBJC_ISA_USAGE = YES_ERROR;
				CLANG_WARN_DOCUMENTATION_COMMENTS = YES;
				CLANG_WARN_EMPTY_BODY = YES;
				CLANG_WARN_ENUM_CONVERSION = YES;
				CLANG_WARN_INFINITE_RECURSION = YES;
				CLANG_WARN_INT_CONVERSION = YES;
				CLANG_WARN_NON_LITERAL_NULL_CONVERSION = YES;
				CLANG_WARN_OBJC_IMPLICIT_RETAIN_SELF = YES;
				CLANG_WARN_OBJC_LITERAL_CONVERSION = YES;
				CLANG_WARN_OBJC_ROOT_CLASS = YES_ERROR;
				CLANG_WARN_RANGE_LOOP_ANALYSIS = YES;
				CLANG_WARN_STRICT_PROTOTYPES = YES;
				CLANG_WARN_SUSPICIOUS_MOVE = YES;
				CLANG_WARN_UNGUARDED_AVAILABILITY = YES_AGGRESSIVE;
				CLANG_WARN_UNREACHABLE_CODE = YES;
				CLANG_WARN__DUPLICATE_METHOD_MATCH = YES;
				COPY_PHASE_STRIP = NO;
				DEBUG_INFORMATION_FORMAT = dwarf;
				ENABLE_STRICT_OBJC_MSGSEND = YES;
				ENABLE_TESTABILITY = YES;
				GCC_C_LANGUAGE_STANDARD = gnu11;
				GCC_DYNAMIC_NO_PIC = NO;
				GCC_NO_COMMON_BLOCKS = YES;
				GCC_OPTIMIZATION_LEVEL = 0;
				GCC_PREPROCESSOR_DEFINITIONS = (
					"DEBUG=1",
					"$(inherited)",
				);
				GCC_WARN_64_TO_32_BIT_CONVERSION = YES;
				GCC_WARN_ABOUT_RETURN_TYPE = YES_ERROR;
				GCC_WARN_UNDECLARED_SELECTOR = YES;
				GCC_WARN_UNINITIALIZED_AUTOS = YES_AGGRESSIVE;
				GCC_WARN_UNUSED_FUNCTION = YES;
				GCC_WARN_UNUSED_VARIABLE = YES;
				IPHONEOS_DEPLOYMENT_TARGET = 13.5;
				MTL_ENABLE_DEBUG_INFO = INCLUDE_SOURCE;
				MTL_FAST_MATH = YES;
				ONLY_ACTIVE_ARCH = YES;
				SDKROOT = iphoneos;
				SWIFT_ACTIVE_COMPILATION_CONDITIONS = DEBUG;
				SWIFT_OPTIMIZATION_LEVEL = "-Onone";
			};
			name = Debug;
		};
		33D73491253582B600485053 /* Release */ = {
			isa = XCBuildConfiguration;
			buildSettings = {
				ALWAYS_SEARCH_USER_PATHS = NO;
				CLANG_ANALYZER_NONNULL = YES;
				CLANG_ANALYZER_NUMBER_OBJECT_CONVERSION = YES_AGGRESSIVE;
				CLANG_CXX_LANGUAGE_STANDARD = "gnu++14";
				CLANG_CXX_LIBRARY = "libc++";
				CLANG_ENABLE_MODULES = YES;
				CLANG_ENABLE_OBJC_ARC = YES;
				CLANG_ENABLE_OBJC_WEAK = YES;
				CLANG_WARN_BLOCK_CAPTURE_AUTORELEASING = YES;
				CLANG_WARN_BOOL_CONVERSION = YES;
				CLANG_WARN_COMMA = YES;
				CLANG_WARN_CONSTANT_CONVERSION = YES;
				CLANG_WARN_DEPRECATED_OBJC_IMPLEMENTATIONS = YES;
				CLANG_WARN_DIRECT_OBJC_ISA_USAGE = YES_ERROR;
				CLANG_WARN_DOCUMENTATION_COMMENTS = YES;
				CLANG_WARN_EMPTY_BODY = YES;
				CLANG_WARN_ENUM_CONVERSION = YES;
				CLANG_WARN_INFINITE_RECURSION = YES;
				CLANG_WARN_INT_CONVERSION = YES;
				CLANG_WARN_NON_LITERAL_NULL_CONVERSION = YES;
				CLANG_WARN_OBJC_IMPLICIT_RETAIN_SELF = YES;
				CLANG_WARN_OBJC_LITERAL_CONVERSION = YES;
				CLANG_WARN_OBJC_ROOT_CLASS = YES_ERROR;
				CLANG_WARN_RANGE_LOOP_ANALYSIS = YES;
				CLANG_WARN_STRICT_PROTOTYPES = YES;
				CLANG_WARN_SUSPICIOUS_MOVE = YES;
				CLANG_WARN_UNGUARDED_AVAILABILITY = YES_AGGRESSIVE;
				CLANG_WARN_UNREACHABLE_CODE = YES;
				CLANG_WARN__DUPLICATE_METHOD_MATCH = YES;
				COPY_PHASE_STRIP = NO;
				DEBUG_INFORMATION_FORMAT = "dwarf-with-dsym";
				ENABLE_NS_ASSERTIONS = NO;
				ENABLE_STRICT_OBJC_MSGSEND = YES;
				GCC_C_LANGUAGE_STANDARD = gnu11;
				GCC_NO_COMMON_BLOCKS = YES;
				GCC_WARN_64_TO_32_BIT_CONVERSION = YES;
				GCC_WARN_ABOUT_RETURN_TYPE = YES_ERROR;
				GCC_WARN_UNDECLARED_SELECTOR = YES;
				GCC_WARN_UNINITIALIZED_AUTOS = YES_AGGRESSIVE;
				GCC_WARN_UNUSED_FUNCTION = YES;
				GCC_WARN_UNUSED_VARIABLE = YES;
				IPHONEOS_DEPLOYMENT_TARGET = 13.5;
				MTL_ENABLE_DEBUG_INFO = NO;
				MTL_FAST_MATH = YES;
				SDKROOT = iphoneos;
				SWIFT_COMPILATION_MODE = wholemodule;
				SWIFT_OPTIMIZATION_LEVEL = "-O";
				VALIDATE_PRODUCT = YES;
			};
			name = Release;
		};
		33D73493253582B600485053 /* Debug */ = {
			isa = XCBuildConfiguration;
			buildSettings = {
				ASSETCATALOG_COMPILER_APPICON_NAME = AppIcon;
				CODE_SIGN_STYLE = Automatic;
				DEVELOPMENT_ASSET_PATHS = "\"WebImageDemo/Preview Content\"";
				DEVELOPMENT_TEAM = V26H4FVB2P;
				ENABLE_PREVIEWS = YES;
				INFOPLIST_FILE = WebImageDemo/Info.plist;
				LD_RUNPATH_SEARCH_PATHS = (
					"$(inherited)",
					"@executable_path/Frameworks",
				);
				PRODUCT_BUNDLE_IDENTIFIER = com.orange.WebImageDemo;
				PRODUCT_NAME = "$(TARGET_NAME)";
				SWIFT_VERSION = 5.0;
				TARGETED_DEVICE_FAMILY = "1,2";
			};
			name = Debug;
		};
		33D73494253582B600485053 /* Release */ = {
			isa = XCBuildConfiguration;
			buildSettings = {
				ASSETCATALOG_COMPILER_APPICON_NAME = AppIcon;
				CODE_SIGN_STYLE = Automatic;
				DEVELOPMENT_ASSET_PATHS = "\"WebImageDemo/Preview Content\"";
				DEVELOPMENT_TEAM = V26H4FVB2P;
				ENABLE_PREVIEWS = YES;
				INFOPLIST_FILE = WebImageDemo/Info.plist;
				LD_RUNPATH_SEARCH_PATHS = (
					"$(inherited)",
					"@executable_path/Frameworks",
				);
				PRODUCT_BUNDLE_IDENTIFIER = com.orange.WebImageDemo;
				PRODUCT_NAME = "$(TARGET_NAME)";
				SWIFT_VERSION = 5.0;
				TARGETED_DEVICE_FAMILY = "1,2";
			};
			name = Release;
		};
/* End XCBuildConfiguration section */

/* Begin XCConfigurationList section */
		33D73479253582B500485053 /* Build configuration list for PBXProject "WebImageDemo" */ = {
			isa = XCConfigurationList;
			buildConfigurations = (
				33D73490253582B600485053 /* Debug */,
				33D73491253582B600485053 /* Release */,
			);
			defaultConfigurationIsVisible = 0;
			defaultConfigurationName = Release;
		};
		33D73492253582B600485053 /* Build configuration list for PBXNativeTarget "WebImageDemo" */ = {
			isa = XCConfigurationList;
			buildConfigurations = (
				33D73493253582B600485053 /* Debug */,
				33D73494253582B600485053 /* Release */,
			);
			defaultConfigurationIsVisible = 0;
			defaultConfigurationName = Release;
		};
/* End XCConfigurationList section */
	};
	rootObject = 33D73476253582B500485053 /* Project object */;
}
