// !$*UTF8*$!
{
	archiveVersion = 1;
	classes = {
	};
	objectVersion = 50;
	objects = {

/* Begin PBXBuildFile section */
		338C95F42536A53F000AD290 /* AppDelegate.swift in Sources */ = {isa = PBXBuildFile; fileRef = 338C95F32536A53F000AD290 /* AppDelegate.swift */; };
		338C95F62536A53F000AD290 /* SceneDelegate.swift in Sources */ = {isa = PBXBuildFile; fileRef = 338C95F52536A53F000AD290 /* SceneDelegate.swift */; };
		338C95F82536A53F000AD290 /* ContentView.swift in Sources */ = {isa = PBXBuildFile; fileRef = 338C95F72536A53F000AD290 /* ContentView.swift */; };
		338C95FA2536A541000AD290 /* Assets.xcassets in Resources */ = {isa = PBXBuildFile; fileRef = 338C95F92536A541000AD290 /* Assets.xcassets */; };
		338C95FD2536A541000AD290 /* Preview Assets.xcassets in Resources */ = {isa = PBXBuildFile; fileRef = 338C95FC2536A541000AD290 /* Preview Assets.xcassets */; };
		338C96002536A541000AD290 /* LaunchScreen.storyboard in Resources */ = {isa = PBXBuildFile; fileRef = 338C95FE2536A541000AD290 /* LaunchScreen.storyboard */; };
/* End PBXBuildFile section */

/* Begin PBXFileReference section */
		338C95F02536A53F000AD290 /* PullDownTORefreshDemo.app */ = {isa = PBXFileReference; explicitFileType = wrapper.application; includeInIndex = 0; path = PullDownTORefreshDemo.app; sourceTree = BUILT_PRODUCTS_DIR; };
		338C95F32536A53F000AD290 /* AppDelegate.swift */ = {isa = PBXFileReference; lastKnownFileType = sourcecode.swift; path = AppDelegate.swift; sourceTree = "<group>"; };
		338C95F52536A53F000AD290 /* SceneDelegate.swift */ = {isa = PBXFileReference; lastKnownFileType = sourcecode.swift; path = SceneDelegate.swift; sourceTree = "<group>"; };
		338C95F72536A53F000AD290 /* ContentView.swift */ = {isa = PBXFileReference; lastKnownFileType = sourcecode.swift; path = ContentView.swift; sourceTree = "<group>"; };
		338C95F92536A541000AD290 /* Assets.xcassets */ = {isa = PBXFileReference; lastKnownFileType = folder.assetcatalog; path = Assets.xcassets; sourceTree = "<group>"; };
		338C95FC2536A541000AD290 /* Preview Assets.xcassets */ = {isa = PBXFileReference; lastKnownFileType = folder.assetcatalog; path = "Preview Assets.xcassets"; sourceTree = "<group>"; };
		338C95FF2536A541000AD290 /* Base */ = {isa = PBXFileReference; lastKnownFileType = file.storyboard; name = Base; path = Base.lproj/LaunchScreen.storyboard; sourceTree = "<group>"; };
		338C96012536A541000AD290 /* Info.plist */ = {isa = PBXFileReference; lastKnownFileType = text.plist.xml; path = Info.plist; sourceTree = "<group>"; };
/* End PBXFileReference section */

/* Begin PBXFrameworksBuildPhase section */
		338C95ED2536A53F000AD290 /* Frameworks */ = {
			isa = PBXFrameworksBuildPhase;
			buildActionMask = 2147483647;
			files = (
			);
			runOnlyForDeploymentPostprocessing = 0;
		};
/* End PBXFrameworksBuildPhase section */

/* Begin PBXGroup section */
		338C95E72536A53F000AD290 = {
			isa = PBXGroup;
			children = (
				338C95F22536A53F000AD290 /* PullDownTORefreshDemo */,
				338C95F12536A53F000AD290 /* Products */,
			);
			sourceTree = "<group>";
		};
		338C95F12536A53F000AD290 /* Products */ = {
			isa = PBXGroup;
			children = (
				338C95F02536A53F000AD290 /* PullDownTORefreshDemo.app */,
			);
			name = Products;
			sourceTree = "<group>";
		};
		338C95F22536A53F000AD290 /* PullDownTORefreshDemo */ = {
			isa = PBXGroup;
			children = (
				338C95F32536A53F000AD290 /* AppDelegate.swift */,
				338C95F52536A53F000AD290 /* SceneDelegate.swift */,
				338C95F72536A53F000AD290 /* ContentView.swift */,
				338C95F92536A541000AD290 /* Assets.xcassets */,
				338C95FE2536A541000AD290 /* LaunchScreen.storyboard */,
				338C96012536A541000AD290 /* Info.plist */,
				338C95FB2536A541000AD290 /* Preview Content */,
			);
			path = PullDownTORefreshDemo;
			sourceTree = "<group>";
		};
		338C95FB2536A541000AD290 /* Preview Content */ = {
			isa = PBXGroup;
			children = (
				338C95FC2536A541000AD290 /* Preview Assets.xcassets */,
			);
			path = "Preview Content";
			sourceTree = "<group>";
		};
/* End PBXGroup section */

/* Begin PBXNativeTarget section */
		338C95EF2536A53F000AD290 /* PullDownTORefreshDemo */ = {
			isa = PBXNativeTarget;
			buildConfigurationList = 338C96042536A541000AD290 /* Build configuration list for PBXNativeTarget "PullDownTORefreshDemo" */;
			buildPhases = (
				338C95EC2536A53F000AD290 /* Sources */,
				338C95ED2536A53F000AD290 /* Frameworks */,
				338C95EE2536A53F000AD290 /* Resources */,
			);
			buildRules = (
			);
			dependencies = (
			);
			name = PullDownTORefreshDemo;
			productName = PullDownTORefreshDemo;
			productReference = 338C95F02536A53F000AD290 /* PullDownTORefreshDemo.app */;
			productType = "com.apple.product-type.application";
		};
/* End PBXNativeTarget section */

/* Begin PBXProject section */
		338C95E82536A53F000AD290 /* Project object */ = {
			isa = PBXProject;
			attributes = {
				LastSwiftUpdateCheck = 1150;
				LastUpgradeCheck = 1150;
				ORGANIZATIONNAME = chenzhizs;
				TargetAttributes = {
					338C95EF2536A53F000AD290 = {
						CreatedOnToolsVersion = 11.5;
					};
				};
			};
			buildConfigurationList = 338C95EB2536A53F000AD290 /* Build configuration list for PBXProject "PullDownTORefreshDemo" */;
			compatibilityVersion = "Xcode 9.3";
			developmentRegion = en;
			hasScannedForEncodings = 0;
			knownRegions = (
				en,
				Base,
			);
			mainGroup = 338C95E72536A53F000AD290;
			productRefGroup = 338C95F12536A53F000AD290 /* Products */;
			projectDirPath = "";
			projectRoot = "";
			targets = (
				338C95EF2536A53F000AD290 /* PullDownTORefreshDemo */,
			);
		};
/* End PBXProject section */

/* Begin PBXResourcesBuildPhase section */
		338C95EE2536A53F000AD290 /* Resources */ = {
			isa = PBXResourcesBuildPhase;
			buildActionMask = 2147483647;
			files = (
				338C96002536A541000AD290 /* LaunchScreen.storyboard in Resources */,
				338C95FD2536A541000AD290 /* Preview Assets.xcassets in Resources */,
				338C95FA2536A541000AD290 /* Assets.xcassets in Resources */,
			);
			runOnlyForDeploymentPostprocessing = 0;
		};
/* End PBXResourcesBuildPhase section */

/* Begin PBXSourcesBuildPhase section */
		338C95EC2536A53F000AD290 /* Sources */ = {
			isa = PBXSourcesBuildPhase;
			buildActionMask = 2147483647;
			files = (
				338C95F42536A53F000AD290 /* AppDelegate.swift in Sources */,
				338C95F62536A53F000AD290 /* SceneDelegate.swift in Sources */,
				338C95F82536A53F000AD290 /* ContentView.swift in Sources */,
			);
			runOnlyForDeploymentPostprocessing = 0;
		};
/* End PBXSourcesBuildPhase section */

/* Begin PBXVariantGroup section */
		338C95FE2536A541000AD290 /* LaunchScreen.storyboard */ = {
			isa = PBXVariantGroup;
			children = (
				338C95FF2536A541000AD290 /* Base */,
			);
			name = LaunchScreen.storyboard;
			sourceTree = "<group>";
		};
/* End PBXVariantGroup section */

/* Begin XCBuildConfiguration section */
		338C96022536A541000AD290 /* Debug */ = {
			isa = XCBuildConfiguration;
			buildSettings = {
				ALWAYS_SEARCH_USER_PATHS = NO;
				CLANG_ANALYZER_NONNULL = YES;
				CLANG_ANALYZER_NUMBER_OBJECT_CONVERSION = YES_AGGRESSIVE;
				CLANG_CXX_LANGUAGE_STANDARD = "gnu++14";
				CLANG_CXX_LIBRARY = "libc++";
				CLANG_ENABLE_MODULES = YES;
				CLANG_ENABLE_OBJC_ARC = YES;
				CLANG_ENABLE_OBJC_WEAK = YES;
				CLANG_WARN_BLOCK_CAPTURE_AUTORELEASING = YES;
				CLANG_WARN_BOOL_CONVERSION = YES;
				CLANG_WARN_COMMA = YES;
				CLANG_WARN_CONSTANT_CONVERSION = YES;
				CLANG_WARN_DEPRECATED_OBJC_IMPLEMENTATIONS = YES;
				CLANG_WARN_DIRECT_OBJC_ISA_USAGE = YES_ERROR;
				CLANG_WARN_DOCUMENTATION_COMMENTS = YES;
				CLANG_WARN_EMPTY_BODY = YES;
				CLANG_WARN_ENUM_CONVERSION = YES;
				CLANG_WARN_INFINITE_RECURSION = YES;
				CLANG_WARN_INT_CONVERSION = YES;
				CLANG_WARN_NON_LITERAL_NULL_CONVERSION = YES;
				CLANG_WARN_OBJC_IMPLICIT_RETAIN_SELF = YES;
				CLANG_WARN_OBJC_LITERAL_CONVERSION = YES;
				CLANG_WARN_OBJC_ROOT_CLASS = YES_ERROR;
				CLANG_WARN_RANGE_LOOP_ANALYSIS = YES;
				CLANG_WARN_STRICT_PROTOTYPES = YES;
				CLANG_WARN_SUSPICIOUS_MOVE = YES;
				CLANG_WARN_UNGUARDED_AVAILABILITY = YES_AGGRESSIVE;
				CLANG_WARN_UNREACHABLE_CODE = YES;
				CLANG_WARN__DUPLICATE_METHOD_MATCH = YES;
				COPY_PHASE_STRIP = NO;
				DEBUG_INFORMATION_FORMAT = dwarf;
				ENABLE_STRICT_OBJC_MSGSEND = YES;
				ENABLE_TESTABILITY = YES;
				GCC_C_LANGUAGE_STANDARD = gnu11;
				GCC_DYNAMIC_NO_PIC = NO;
				GCC_NO_COMMON_BLOCKS = YES;
				GCC_OPTIMIZATION_LEVEL = 0;
				GCC_PREPROCESSOR_DEFINITIONS = (
					"DEBUG=1",
					"$(inherited)",
				);
				GCC_WARN_64_TO_32_BIT_CONVERSION = YES;
				GCC_WARN_ABOUT_RETURN_TYPE = YES_ERROR;
				GCC_WARN_UNDECLARED_SELECTOR = YES;
				GCC_WARN_UNINITIALIZED_AUTOS = YES_AGGRESSIVE;
				GCC_WARN_UNUSED_FUNCTION = YES;
				GCC_WARN_UNUSED_VARIABLE = YES;
				IPHONEOS_DEPLOYMENT_TARGET = 13.5;
				MTL_ENABLE_DEBUG_INFO = INCLUDE_SOURCE;
				MTL_FAST_MATH = YES;
				ONLY_ACTIVE_ARCH = YES;
				SDKROOT = iphoneos;
				SWIFT_ACTIVE_COMPILATION_CONDITIONS = DEBUG;
				SWIFT_OPTIMIZATION_LEVEL = "-Onone";
			};
			name = Debug;
		};
		338C96032536A541000AD290 /* Release */ = {
			isa = XCBuildConfiguration;
			buildSettings = {
				ALWAYS_SEARCH_USER_PATHS = NO;
				CLANG_ANALYZER_NONNULL = YES;
				CLANG_ANALYZER_NUMBER_OBJECT_CONVERSION = YES_AGGRESSIVE;
				CLANG_CXX_LANGUAGE_STANDARD = "gnu++14";
				CLANG_CXX_LIBRARY = "libc++";
				CLANG_ENABLE_MODULES = YES;
				CLANG_ENABLE_OBJC_ARC = YES;
				CLANG_ENABLE_OBJC_WEAK = YES;
				CLANG_WARN_BLOCK_CAPTURE_AUTORELEASING = YES;
				CLANG_WARN_BOOL_CONVERSION = YES;
				CLANG_WARN_COMMA = YES;
				CLANG_WARN_CONSTANT_CONVERSION = YES;
				CLANG_WARN_DEPRECATED_OBJC_IMPLEMENTATIONS = YES;
				CLANG_WARN_DIRECT_OBJC_ISA_USAGE = YES_ERROR;
				CLANG_WARN_DOCUMENTATION_COMMENTS = YES;
				CLANG_WARN_EMPTY_BODY = YES;
				CLANG_WARN_ENUM_CONVERSION = YES;
				CLANG_WARN_INFINITE_RECURSION = YES;
				CLANG_WARN_INT_CONVERSION = YES;
				CLANG_WARN_NON_LITERAL_NULL_CONVERSION = YES;
				CLANG_WARN_OBJC_IMPLICIT_RETAIN_SELF = YES;
				CLANG_WARN_OBJC_LITERAL_CONVERSION = YES;
				CLANG_WARN_OBJC_ROOT_CLASS = YES_ERROR;
				CLANG_WARN_RANGE_LOOP_ANALYSIS = YES;
				CLANG_WARN_STRICT_PROTOTYPES = YES;
				CLANG_WARN_SUSPICIOUS_MOVE = YES;
				CLANG_WARN_UNGUARDED_AVAILABILITY = YES_AGGRESSIVE;
				CLANG_WARN_UNREACHABLE_CODE = YES;
				CLANG_WARN__DUPLICATE_METHOD_MATCH = YES;
				COPY_PHASE_STRIP = NO;
				DEBUG_INFORMATION_FORMAT = "dwarf-with-dsym";
				ENABLE_NS_ASSERTIONS = NO;
				ENABLE_STRICT_OBJC_MSGSEND = YES;
				GCC_C_LANGUAGE_STANDARD = gnu11;
				GCC_NO_COMMON_BLOCKS = YES;
				GCC_WARN_64_TO_32_BIT_CONVERSION = YES;
				GCC_WARN_ABOUT_RETURN_TYPE = YES_ERROR;
				GCC_WARN_UNDECLARED_SELECTOR = YES;
				GCC_WARN_UNINITIALIZED_AUTOS = YES_AGGRESSIVE;
				GCC_WARN_UNUSED_FUNCTION = YES;
				GCC_WARN_UNUSED_VARIABLE = YES;
				IPHONEOS_DEPLOYMENT_TARGET = 13.5;
				MTL_ENABLE_DEBUG_INFO = NO;
				MTL_FAST_MATH = YES;
				SDKROOT = iphoneos;
				SWIFT_COMPILATION_MODE = wholemodule;
				SWIFT_OPTIMIZATION_LEVEL = "-O";
				VALIDATE_PRODUCT = YES;
			};
			name = Release;
		};
		338C96052536A541000AD290 /* Debug */ = {
			isa = XCBuildConfiguration;
			buildSettings = {
				ASSETCATALOG_COMPILER_APPICON_NAME = AppIcon;
				CODE_SIGN_STYLE = Automatic;
				DEVELOPMENT_ASSET_PATHS = "\"PullDownTORefreshDemo/Preview Content\"";
				DEVELOPMENT_TEAM = V26H4FVB2P;
				ENABLE_PREVIEWS = YES;
				INFOPLIST_FILE = PullDownTORefreshDemo/Info.plist;
				LD_RUNPATH_SEARCH_PATHS = (
					"$(inherited)",
					"@executable_path/Frameworks",
				);
				PRODUCT_BUNDLE_IDENTIFIER = com.orange.PullDownTORefreshDemo;
				PRODUCT_NAME = "$(TARGET_NAME)";
				SWIFT_VERSION = 5.0;
				TARGETED_DEVICE_FAMILY = "1,2";
			};
			name = Debug;
		};
		338C96062536A541000AD290 /* Release */ = {
			isa = XCBuildConfiguration;
			buildSettings = {
				ASSETCATALOG_COMPILER_APPICON_NAME = AppIcon;
				CODE_SIGN_STYLE = Automatic;
				DEVELOPMENT_ASSET_PATHS = "\"PullDownTORefreshDemo/Preview Content\"";
				DEVELOPMENT_TEAM = V26H4FVB2P;
				ENABLE_PREVIEWS = YES;
				INFOPLIST_FILE = PullDownTORefreshDemo/Info.plist;
				LD_RUNPATH_SEARCH_PATHS = (
					"$(inherited)",
					"@executable_path/Frameworks",
				);
				PRODUCT_BUNDLE_IDENTIFIER = com.orange.PullDownTORefreshDemo;
				PRODUCT_NAME = "$(TARGET_NAME)";
				SWIFT_VERSION = 5.0;
				TARGETED_DEVICE_FAMILY = "1,2";
			};
			name = Release;
		};
/* End XCBuildConfiguration section */

/* Begin XCConfigurationList section */
		338C95EB2536A53F000AD290 /* Build configuration list for PBXProject "PullDownTORefreshDemo" */ = {
			isa = XCConfigurationList;
			buildConfigurations = (
				338C96022536A541000AD290 /* Debug */,
				338C96032536A541000AD290 /* Release */,
			);
			defaultConfigurationIsVisible = 0;
			defaultConfigurationName = Release;
		};
		338C96042536A541000AD290 /* Build configuration list for PBXNativeTarget "PullDownTORefreshDemo" */ = {
			isa = XCConfigurationList;
			buildConfigurations = (
				338C96052536A541000AD290 /* Debug */,
				338C96062536A541000AD290 /* Release */,
			);
			defaultConfigurationIsVisible = 0;
			defaultConfigurationName = Release;
		};
/* End XCConfigurationList section */
	};
	rootObject = 338C95E82536A53F000AD290 /* Project object */;
}
